
Microsoft Visual Studio Solution File, Format Version 12.00
# Visual Studio 15
VisualStudioVersion = 15.0.28010.2048
MinimumVisualStudioVersion = 10.0.40219.1
Project("{2150E333-8FDC-42A3-9474-1A3956D46DE8}") = "Docs", "Docs", "{D878E1EA-4FD9-44DF-96F5-19019FE5E30E}"
	ProjectSection(SolutionItems) = preProject
		Readme.md = Readme.md
	EndProjectSection
EndProject
Project("{2150E333-8FDC-42A3-9474-1A3956D46DE8}") = "Tests", "Tests", "{9F7EA151-36A9-40F5-BDDE-02F9B6E1FDFA}"
EndProject
Project("{2150E333-8FDC-42A3-9474-1A3956D46DE8}") = "Src", "Src", "{7209DB99-0E9E-4C42-8036-7A4283B54107}"
EndProject
Project("{2150E333-8FDC-42A3-9474-1A3956D46DE8}") = "Common", "Common", "{2067FF72-D5AE-4F7D-A1C9-45AD79EE263D}"
EndProject
Project("{9A19103F-16F7-4668-BE54-9A1E7A4F7556}") = "Spider.Common", "Spider.Common\Spider.Common.csproj", "{2A02302D-4535-4641-A3BA-8C74A8B05FC6}"
EndProject
Project("{2150E333-8FDC-42A3-9474-1A3956D46DE8}") = "Core", "Core", "{0AFFD85F-F7BB-4BCA-82AB-675C8B2B4FAB}"
EndProject
Project("{9A19103F-16F7-4668-BE54-9A1E7A4F7556}") = "Spider.Domain", "Spider.Domain\Spider.Domain.csproj", "{3169D8D3-52D9-42EF-94A0-287837A8B8B6}"
EndProject
Project("{9A19103F-16F7-4668-BE54-9A1E7A4F7556}") = "Spider.Application", "Spider.Application\Spider.Application.csproj", "{4DE95EC9-EC4A-490B-B669-3D4E394D9526}"
EndProject
Project("{2150E333-8FDC-42A3-9474-1A3956D46DE8}") = "Infrastructure", "Infrastructure", "{B3ACB244-6C0D-4BC6-ACD6-DEC3F7D84E92}"
EndProject
Project("{9A19103F-16F7-4668-BE54-9A1E7A4F7556}") = "Spider.Infrastructure", "Spider.Infrastructure\Spider.Infrastructure.csproj", "{F9D7E20D-1B0D-4A06-85D4-BE3F53FAA1C8}"
EndProject
Project("{9A19103F-16F7-4668-BE54-9A1E7A4F7556}") = "Spider.Persistence", "Spider.Persistence\Spider.Persistence.csproj", "{4437D5A3-BE4A-4138-A232-0093BC3F7F88}"
EndProject
Project("{2150E333-8FDC-42A3-9474-1A3956D46DE8}") = "Presentation", "Presentation", "{90DB5E3A-D1F5-417E-AF7D-890043B774BC}"
EndProject
Project("{9A19103F-16F7-4668-BE54-9A1E7A4F7556}") = "Spider.Api", "Spider.Api\Spider.Api.csproj", "{7D566E6E-6CB2-4E5F-82E0-ACFE9FC5A5E1}"
EndProject
Project("{9A19103F-16F7-4668-BE54-9A1E7A4F7556}") = "Spider.Application.Tests", "Spider.Application.Tests\Spider.Application.Tests.csproj", "{0925A479-334A-4767-8272-B01220C4205C}"
EndProject
Project("{9A19103F-16F7-4668-BE54-9A1E7A4F7556}") = "Spider.Service", "Spider.Service\Spider.Service.csproj", "{8F8C13B1-389B-4257-ABB9-FEE30513A1EA}"
EndProject
Global
	GlobalSection(SolutionConfigurationPlatforms) = preSolution
		Debug|Any CPU = Debug|Any CPU
		Release|Any CPU = Release|Any CPU
	EndGlobalSection
	GlobalSection(ProjectConfigurationPlatforms) = postSolution
		{2A02302D-4535-4641-A3BA-8C74A8B05FC6}.Debug|Any CPU.ActiveCfg = Debug|Any CPU
		{2A02302D-4535-4641-A3BA-8C74A8B05FC6}.Debug|Any CPU.Build.0 = Debug|Any CPU
		{2A02302D-4535-4641-A3BA-8C74A8B05FC6}.Release|Any CPU.ActiveCfg = Release|Any CPU
		{2A02302D-4535-4641-A3BA-8C74A8B05FC6}.Release|Any CPU.Build.0 = Release|Any CPU
		{3169D8D3-52D9-42EF-94A0-287837A8B8B6}.Debug|Any CPU.ActiveCfg = Debug|Any CPU
		{3169D8D3-52D9-42EF-94A0-287837A8B8B6}.Debug|Any CPU.Build.0 = Debug|Any CPU
		{3169D8D3-52D9-42EF-94A0-287837A8B8B6}.Release|Any CPU.ActiveCfg = Release|Any CPU
		{3169D8D3-52D9-42EF-94A0-287837A8B8B6}.Release|Any CPU.Build.0 = Release|Any CPU
		{4DE95EC9-EC4A-490B-B669-3D4E394D9526}.Debug|Any CPU.ActiveCfg = Debug|Any CPU
		{4DE95EC9-EC4A-490B-B669-3D4E394D9526}.Debug|Any CPU.Build.0 = Debug|Any CPU
		{4DE95EC9-EC4A-490B-B669-3D4E394D9526}.Release|Any CPU.ActiveCfg = Release|Any CPU
		{4DE95EC9-EC4A-490B-B669-3D4E394D9526}.Release|Any CPU.Build.0 = Release|Any CPU
		{F9D7E20D-1B0D-4A06-85D4-BE3F53FAA1C8}.Debug|Any CPU.ActiveCfg = Debug|Any CPU
		{F9D7E20D-1B0D-4A06-85D4-BE3F53FAA1C8}.Debug|Any CPU.Build.0 = Debug|Any CPU
		{F9D7E20D-1B0D-4A06-85D4-BE3F53FAA1C8}.Release|Any CPU.ActiveCfg = Release|Any CPU
		{F9D7E20D-1B0D-4A06-85D4-BE3F53FAA1C8}.Release|Any CPU.Build.0 = Release|Any CPU
		{4437D5A3-BE4A-4138-A232-0093BC3F7F88}.Debug|Any CPU.ActiveCfg = Debug|Any CPU
		{4437D5A3-BE4A-4138-A232-0093BC3F7F88}.Debug|Any CPU.Build.0 = Debug|Any CPU
		{4437D5A3-BE4A-4138-A232-0093BC3F7F88}.Release|Any CPU.ActiveCfg = Release|Any CPU
		{4437D5A3-BE4A-4138-A232-0093BC3F7F88}.Release|Any CPU.Build.0 = Release|Any CPU
		{7D566E6E-6CB2-4E5F-82E0-ACFE9FC5A5E1}.Debug|Any CPU.ActiveCfg = Debug|Any CPU
		{7D566E6E-6CB2-4E5F-82E0-ACFE9FC5A5E1}.Debug|Any CPU.Build.0 = Debug|Any CPU
		{7D566E6E-6CB2-4E5F-82E0-ACFE9FC5A5E1}.Release|Any CPU.ActiveCfg = Release|Any CPU
		{7D566E6E-6CB2-4E5F-82E0-ACFE9FC5A5E1}.Release|Any CPU.Build.0 = Release|Any CPU
		{0925A479-334A-4767-8272-B01220C4205C}.Debug|Any CPU.ActiveCfg = Debug|Any CPU
		{0925A479-334A-4767-8272-B01220C4205C}.Debug|Any CPU.Build.0 = Debug|Any CPU
		{0925A479-334A-4767-8272-B01220C4205C}.Release|Any CPU.ActiveCfg = Release|Any CPU
		{0925A479-334A-4767-8272-B01220C4205C}.Release|Any CPU.Build.0 = Release|Any CPU
		{8F8C13B1-389B-4257-ABB9-FEE30513A1EA}.Debug|Any CPU.ActiveCfg = Debug|Any CPU
		{8F8C13B1-389B-4257-ABB9-FEE30513A1EA}.Debug|Any CPU.Build.0 = Debug|Any CPU
		{8F8C13B1-389B-4257-ABB9-FEE30513A1EA}.Release|Any CPU.ActiveCfg = Release|Any CPU
		{8F8C13B1-389B-4257-ABB9-FEE30513A1EA}.Release|Any CPU.Build.0 = Release|Any CPU
	EndGlobalSection
	GlobalSection(SolutionProperties) = preSolution
		HideSolutionNode = FALSE
	EndGlobalSection
	GlobalSection(NestedProjects) = preSolution
		{2067FF72-D5AE-4F7D-A1C9-45AD79EE263D} = {7209DB99-0E9E-4C42-8036-7A4283B54107}
		{2A02302D-4535-4641-A3BA-8C74A8B05FC6} = {2067FF72-D5AE-4F7D-A1C9-45AD79EE263D}
		{0AFFD85F-F7BB-4BCA-82AB-675C8B2B4FAB} = {7209DB99-0E9E-4C42-8036-7A4283B54107}
		{3169D8D3-52D9-42EF-94A0-287837A8B8B6} = {0AFFD85F-F7BB-4BCA-82AB-675C8B2B4FAB}
		{4DE95EC9-EC4A-490B-B669-3D4E394D9526} = {0AFFD85F-F7BB-4BCA-82AB-675C8B2B4FAB}
		{B3ACB244-6C0D-4BC6-ACD6-DEC3F7D84E92} = {7209DB99-0E9E-4C42-8036-7A4283B54107}
		{F9D7E20D-1B0D-4A06-85D4-BE3F53FAA1C8} = {B3ACB244-6C0D-4BC6-ACD6-DEC3F7D84E92}
		{4437D5A3-BE4A-4138-A232-0093BC3F7F88} = {B3ACB244-6C0D-4BC6-ACD6-DEC3F7D84E92}
		{90DB5E3A-D1F5-417E-AF7D-890043B774BC} = {7209DB99-0E9E-4C42-8036-7A4283B54107}
		{7D566E6E-6CB2-4E5F-82E0-ACFE9FC5A5E1} = {90DB5E3A-D1F5-417E-AF7D-890043B774BC}
		{0925A479-334A-4767-8272-B01220C4205C} = {9F7EA151-36A9-40F5-BDDE-02F9B6E1FDFA}
		{8F8C13B1-389B-4257-ABB9-FEE30513A1EA} = {0AFFD85F-F7BB-4BCA-82AB-675C8B2B4FAB}
	EndGlobalSection
	GlobalSection(ExtensibilityGlobals) = postSolution
		SolutionGuid = {90EC8130-0DCF-4E29-82C1-9F6C95C5DD71}
	EndGlobalSection
EndGlobal
